// !$*UTF8*$!
{
	archiveVersion = 1;
	classes = {
	};
	objectVersion = 77;
	objects = {

/* Begin PBXBuildFile section */
		49A201802E0697DC00CCBC9E /* Kingfisher in Frameworks */ = {isa = PBXBuildFile; productRef = 49A2017F2E0697DC00CCBC9E /* Kingfisher */; };
		49A201942E070A2800CCBC9E /* Lottie in Frameworks */ = {isa = PBXBuildFile; productRef = 49A201932E070A2800CCBC9E /* Lottie */; };
/* End PBXBuildFile section */

/* Begin PBXContainerItemProxy section */
		49A2FE262E0646B700CCBC9E /* PBXContainerItemProxy */ = {
			isa = PBXContainerItemProxy;
			containerPortal = 49A2FE0C2E0646B600CCBC9E /* Project object */;
			proxyType = 1;
			remoteGlobalIDString = 49A2FE132E0646B600CCBC9E;
			remoteInfo = "Diet Assignment";
		};
		49A2FE302E0646B700CCBC9E /* PBXContainerItemProxy */ = {
			isa = PBXContainerItemProxy;
			containerPortal = 49A2FE0C2E0646B600CCBC9E /* Project object */;
			proxyType = 1;
			remoteGlobalIDString = 49A2FE132E0646B600CCBC9E;
			remoteInfo = "Diet Assignment";
		};
/* End PBXContainerItemProxy section */

/* Begin PBXFileReference section */
		49A2FE142E0646B600CCBC9E /* Diet Assignment.app */ = {isa = PBXFileReference; explicitFileType = wrapper.application; includeInIndex = 0; path = "Diet Assignment.app"; sourceTree = BUILT_PRODUCTS_DIR; };
		49A2FE252E0646B700CCBC9E /* Diet AssignmentTests.xctest */ = {isa = PBXFileReference; explicitFileType = wrapper.cfbundle; includeInIndex = 0; path = "Diet AssignmentTests.xctest"; sourceTree = BUILT_PRODUCTS_DIR; };
		49A2FE2F2E0646B700CCBC9E /* Diet AssignmentUITests.xctest */ = {isa = PBXFileReference; explicitFileType = wrapper.cfbundle; includeInIndex = 0; path = "Diet AssignmentUITests.xctest"; sourceTree = BUILT_PRODUCTS_DIR; };
/* End PBXFileReference section */

/* Begin PBXFileSystemSynchronizedRootGroup section */
		49A2FE162E0646B600CCBC9E /* Diet Assignment */ = {
			isa = PBXFileSystemSynchronizedRootGroup;
			path = "Diet Assignment";
			sourceTree = "<group>";
		};
		49A2FE282E0646B700CCBC9E /* Diet AssignmentTests */ = {
			isa = PBXFileSystemSynchronizedRootGroup;
			path = "Diet AssignmentTests";
			sourceTree = "<group>";
		};
		49A2FE322E0646B700CCBC9E /* Diet AssignmentUITests */ = {
			isa = PBXFileSystemSynchronizedRootGroup;
			path = "Diet AssignmentUITests";
			sourceTree = "<group>";
		};
/* End PBXFileSystemSynchronizedRootGroup section */

/* Begin PBXFrameworksBuildPhase section */
		49A2FE112E0646B600CCBC9E /* Frameworks */ = {
			isa = PBXFrameworksBuildPhase;
			buildActionMask = 2147483647;
			files = (
				49A201802E0697DC00CCBC9E /* Kingfisher in Frameworks */,
				49A201942E070A2800CCBC9E /* Lottie in Frameworks */,
			);
			runOnlyForDeploymentPostprocessing = 0;
		};
		49A2FE222E0646B700CCBC9E /* Frameworks */ = {
			isa = PBXFrameworksBuildPhase;
			buildActionMask = 2147483647;
			files = (
			);
			runOnlyForDeploymentPostprocessing = 0;
		};
		49A2FE2C2E0646B700CCBC9E /* Frameworks */ = {
			isa = PBXFrameworksBuildPhase;
			buildActionMask = 2147483647;
			files = (
			);
			runOnlyForDeploymentPostprocessing = 0;
		};
/* End PBXFrameworksBuildPhase section */

/* Begin PBXGroup section */
		49A2FE0B2E0646B600CCBC9E = {
			isa = PBXGroup;
			children = (
				49A2FE162E0646B600CCBC9E /* Diet Assignment */,
				49A2FE282E0646B700CCBC9E /* Diet AssignmentTests */,
				49A2FE322E0646B700CCBC9E /* Diet AssignmentUITests */,
				49A2FE152E0646B600CCBC9E /* Products */,
			);
			sourceTree = "<group>";
		};
		49A2FE152E0646B600CCBC9E /* Products */ = {
			isa = PBXGroup;
			children = (
				49A2FE142E0646B600CCBC9E /* Diet Assignment.app */,
				49A2FE252E0646B700CCBC9E /* Diet AssignmentTests.xctest */,
				49A2FE2F2E0646B700CCBC9E /* Diet AssignmentUITests.xctest */,
			);
			name = Products;
			sourceTree = "<group>";
		};
/* End PBXGroup section */

/* Begin PBXNativeTarget section */
		49A2FE132E0646B600CCBC9E /* Diet Assignment */ = {
			isa = PBXNativeTarget;
			buildConfigurationList = 49A2FE392E0646B700CCBC9E /* Build configuration list for PBXNativeTarget "Diet Assignment" */;
			buildPhases = (
				49A2FE102E0646B600CCBC9E /* Sources */,
				49A2FE112E0646B600CCBC9E /* Frameworks */,
				49A2FE122E0646B600CCBC9E /* Resources */,
			);
			buildRules = (
			);
			dependencies = (
			);
			fileSystemSynchronizedGroups = (
				49A2FE162E0646B600CCBC9E /* Diet Assignment */,
			);
			name = "Diet Assignment";
			packageProductDependencies = (
				49A2017F2E0697DC00CCBC9E /* Kingfisher */,
				49A201932E070A2800CCBC9E /* Lottie */,
			);
			productName = "Diet Assignment";
			productReference = 49A2FE142E0646B600CCBC9E /* Diet Assignment.app */;
			productType = "com.apple.product-type.application";
		};
		49A2FE242E0646B700CCBC9E /* Diet AssignmentTests */ = {
			isa = PBXNativeTarget;
			buildConfigurationList = 49A2FE3C2E0646B700CCBC9E /* Build configuration list for PBXNativeTarget "Diet AssignmentTests" */;
			buildPhases = (
				49A2FE212E0646B700CCBC9E /* Sources */,
				49A2FE222E0646B700CCBC9E /* Frameworks */,
				49A2FE232E0646B700CCBC9E /* Resources */,
			);
			buildRules = (
			);
			dependencies = (
				49A2FE272E0646B700CCBC9E /* PBXTargetDependency */,
			);
			fileSystemSynchronizedGroups = (
				49A2FE282E0646B700CCBC9E /* Diet AssignmentTests */,
			);
			name = "Diet AssignmentTests";
			packageProductDependencies = (
			);
			productName = "Diet AssignmentTests";
			productReference = 49A2FE252E0646B700CCBC9E /* Diet AssignmentTests.xctest */;
			productType = "com.apple.product-type.bundle.unit-test";
		};
		49A2FE2E2E0646B700CCBC9E /* Diet AssignmentUITests */ = {
			isa = PBXNativeTarget;
			buildConfigurationList = 49A2FE3F2E0646B700CCBC9E /* Build configuration list for PBXNativeTarget "Diet AssignmentUITests" */;
			buildPhases = (
				49A2FE2B2E0646B700CCBC9E /* Sources */,
				49A2FE2C2E0646B700CCBC9E /* Frameworks */,
				49A2FE2D2E0646B700CCBC9E /* Resources */,
			);
			buildRules = (
			);
			dependencies = (
				49A2FE312E0646B700CCBC9E /* PBXTargetDependency */,
			);
			fileSystemSynchronizedGroups = (
				49A2FE322E0646B700CCBC9E /* Diet AssignmentUITests */,
			);
			name = "Diet AssignmentUITests";
			packageProductDependencies = (
			);
			productName = "Diet AssignmentUITests";
			productReference = 49A2FE2F2E0646B700CCBC9E /* Diet AssignmentUITests.xctest */;
			productType = "com.apple.product-type.bundle.ui-testing";
		};
/* End PBXNativeTarget section */

/* Begin PBXProject section */
		49A2FE0C2E0646B600CCBC9E /* Project object */ = {
			isa = PBXProject;
			attributes = {
				BuildIndependentTargetsInParallel = 1;
				LastSwiftUpdateCheck = 1620;
				LastUpgradeCheck = 1620;
				TargetAttributes = {
					49A2FE132E0646B600CCBC9E = {
						CreatedOnToolsVersion = 16.2;
					};
					49A2FE242E0646B700CCBC9E = {
						CreatedOnToolsVersion = 16.2;
						TestTargetID = 49A2FE132E0646B600CCBC9E;
					};
					49A2FE2E2E0646B700CCBC9E = {
						CreatedOnToolsVersion = 16.2;
						TestTargetID = 49A2FE132E0646B600CCBC9E;
					};
				};
			};
			buildConfigurationList = 49A2FE0F2E0646B600CCBC9E /* Build configuration list for PBXProject "Diet Assignment" */;
			developmentRegion = en;
			hasScannedForEncodings = 0;
			knownRegions = (
				en,
				Base,
			);
			mainGroup = 49A2FE0B2E0646B600CCBC9E;
			minimizedProjectReferenceProxies = 1;
			packageReferences = (
				49A2017E2E0697DC00CCBC9E /* XCRemoteSwiftPackageReference "Kingfisher" */,
				49A201922E070A2800CCBC9E /* XCRemoteSwiftPackageReference "lottie-spm" */,
			);
			preferredProjectObjectVersion = 77;
			productRefGroup = 49A2FE152E0646B600CCBC9E /* Products */;
			projectDirPath = "";
			projectRoot = "";
			targets = (
				49A2FE132E0646B600CCBC9E /* Diet Assignment */,
				49A2FE242E0646B700CCBC9E /* Diet AssignmentTests */,
				49A2FE2E2E0646B700CCBC9E /* Diet AssignmentUITests */,
			);
		};
/* End PBXProject section */

/* Begin PBXResourcesBuildPhase section */
		49A2FE122E0646B600CCBC9E /* Resources */ = {
			isa = PBXResourcesBuildPhase;
			buildActionMask = 2147483647;
			files = (
			);
			runOnlyForDeploymentPostprocessing = 0;
		};
		49A2FE232E0646B700CCBC9E /* Resources */ = {
			isa = PBXResourcesBuildPhase;
			buildActionMask = 2147483647;
			files = (
			);
			runOnlyForDeploymentPostprocessing = 0;
		};
		49A2FE2D2E0646B700CCBC9E /* Resources */ = {
			isa = PBXResourcesBuildPhase;
			buildActionMask = 2147483647;
			files = (
			);
			runOnlyForDeploymentPostprocessing = 0;
		};
/* End PBXResourcesBuildPhase section */

/* Begin PBXSourcesBuildPhase section */
		49A2FE102E0646B600CCBC9E /* Sources */ = {
			isa = PBXSourcesBuildPhase;
			buildActionMask = 2147483647;
			files = (
			);
			runOnlyForDeploymentPostprocessing = 0;
		};
		49A2FE212E0646B700CCBC9E /* Sources */ = {
			isa = PBXSourcesBuildPhase;
			buildActionMask = 2147483647;
			files = (
			);
			runOnlyForDeploymentPostprocessing = 0;
		};
		49A2FE2B2E0646B700CCBC9E /* Sources */ = {
			isa = PBXSourcesBuildPhase;
			buildActionMask = 2147483647;
			files = (
			);
			runOnlyForDeploymentPostprocessing = 0;
		};
/* End PBXSourcesBuildPhase section */

/* Begin PBXTargetDependency section */
		49A2FE272E0646B700CCBC9E /* PBXTargetDependency */ = {
			isa = PBXTargetDependency;
			target = 49A2FE132E0646B600CCBC9E /* Diet Assignment */;
			targetProxy = 49A2FE262E0646B700CCBC9E /* PBXContainerItemProxy */;
		};
		49A2FE312E0646B700CCBC9E /* PBXTargetDependency */ = {
			isa = PBXTargetDependency;
			target = 49A2FE132E0646B600CCBC9E /* Diet Assignment */;
			targetProxy = 49A2FE302E0646B700CCBC9E /* PBXContainerItemProxy */;
		};
/* End PBXTargetDependency section */

/* Begin XCBuildConfiguration section */
		49A2FE372E0646B700CCBC9E /* Debug */ = {
			isa = XCBuildConfiguration;
			buildSettings = {
				ALWAYS_SEARCH_USER_PATHS = NO;
				ASSETCATALOG_COMPILER_GENERATE_SWIFT_ASSET_SYMBOL_EXTENSIONS = YES;
				CLANG_ANALYZER_NONNULL = YES;
				CLANG_ANALYZER_NUMBER_OBJECT_CONVERSION = YES_AGGRESSIVE;
				CLANG_CXX_LANGUAGE_STANDARD = "gnu++20";
				CLANG_ENABLE_MODULES = YES;
				CLANG_ENABLE_OBJC_ARC = YES;
				CLANG_ENABLE_OBJC_WEAK = YES;
				CLANG_WARN_BLOCK_CAPTURE_AUTORELEASING = YES;
				CLANG_WARN_BOOL_CONVERSION = YES;
				CLANG_WARN_COMMA = YES;
				CLANG_WARN_CONSTANT_CONVERSION = YES;
				CLANG_WARN_DEPRECATED_OBJC_IMPLEMENTATIONS = YES;
				CLANG_WARN_DIRECT_OBJC_ISA_USAGE = YES_ERROR;
				CLANG_WARN_DOCUMENTATION_COMMENTS = YES;
				CLANG_WARN_EMPTY_BODY = YES;
				CLANG_WARN_ENUM_CONVERSION = YES;
				CLANG_WARN_INFINITE_RECURSION = YES;
				CLANG_WARN_INT_CONVERSION = YES;
				CLANG_WARN_NON_LITERAL_NULL_CONVERSION = YES;
				CLANG_WARN_OBJC_IMPLICIT_RETAIN_SELF = YES;
				CLANG_WARN_OBJC_LITERAL_CONVERSION = YES;
				CLANG_WARN_OBJC_ROOT_CLASS = YES_ERROR;
				CLANG_WARN_QUOTED_INCLUDE_IN_FRAMEWORK_HEADER = YES;
				CLANG_WARN_RANGE_LOOP_ANALYSIS = YES;
				CLANG_WARN_STRICT_PROTOTYPES = YES;
				CLANG_WARN_SUSPICIOUS_MOVE = YES;
				CLANG_WARN_UNGUARDED_AVAILABILITY = YES_AGGRESSIVE;
				CLANG_WARN_UNREACHABLE_CODE = YES;
				CLANG_WARN__DUPLICATE_METHOD_MATCH = YES;
				COPY_PHASE_STRIP = NO;
				DEBUG_INFORMATION_FORMAT = dwarf;
				ENABLE_STRICT_OBJC_MSGSEND = YES;
				ENABLE_TESTABILITY = YES;
				ENABLE_USER_SCRIPT_SANDBOXING = YES;
				GCC_C_LANGUAGE_STANDARD = gnu17;
				GCC_DYNAMIC_NO_PIC = NO;
				GCC_NO_COMMON_BLOCKS = YES;
				GCC_OPTIMIZATION_LEVEL = 0;
				GCC_PREPROCESSOR_DEFINITIONS = (
					"DEBUG=1",
					"$(inherited)",
				);
				GCC_WARN_64_TO_32_BIT_CONVERSION = YES;
				GCC_WARN_ABOUT_RETURN_TYPE = YES_ERROR;
				GCC_WARN_UNDECLARED_SELECTOR = YES;
				GCC_WARN_UNINITIALIZED_AUTOS = YES_AGGRESSIVE;
				GCC_WARN_UNUSED_FUNCTION = YES;
				GCC_WARN_UNUSED_VARIABLE = YES;
				LOCALIZATION_PREFERS_STRING_CATALOGS = YES;
				MTL_ENABLE_DEBUG_INFO = INCLUDE_SOURCE;
				MTL_FAST_MATH = YES;
				ONLY_ACTIVE_ARCH = YES;
				SWIFT_ACTIVE_COMPILATION_CONDITIONS = "DEBUG $(inherited)";
				SWIFT_OPTIMIZATION_LEVEL = "-Onone";
			};
			name = Debug;
		};
		49A2FE382E0646B700CCBC9E /* Release */ = {
			isa = XCBuildConfiguration;
			buildSettings = {
				ALWAYS_SEARCH_USER_PATHS = NO;
				ASSETCATALOG_COMPILER_GENERATE_SWIFT_ASSET_SYMBOL_EXTENSIONS = YES;
				CLANG_ANALYZER_NONNULL = YES;
				CLANG_ANALYZER_NUMBER_OBJECT_CONVERSION = YES_AGGRESSIVE;
				CLANG_CXX_LANGUAGE_STANDARD = "gnu++20";
				CLANG_ENABLE_MODULES = YES;
				CLANG_ENABLE_OBJC_ARC = YES;
				CLANG_ENABLE_OBJC_WEAK = YES;
				CLANG_WARN_BLOCK_CAPTURE_AUTORELEASING = YES;
				CLANG_WARN_BOOL_CONVERSION = YES;
				CLANG_WARN_COMMA = YES;
				CLANG_WARN_CONSTANT_CONVERSION = YES;
				CLANG_WARN_DEPRECATED_OBJC_IMPLEMENTATIONS = YES;
				CLANG_WARN_DIRECT_OBJC_ISA_USAGE = YES_ERROR;
				CLANG_WARN_DOCUMENTATION_COMMENTS = YES;
				CLANG_WARN_EMPTY_BODY = YES;
				CLANG_WARN_ENUM_CONVERSION = YES;
				CLANG_WARN_INFINITE_RECURSION = YES;
				CLANG_WARN_INT_CONVERSION = YES;
				CLANG_WARN_NON_LITERAL_NULL_CONVERSION = YES;
				CLANG_WARN_OBJC_IMPLICIT_RETAIN_SELF = YES;
				CLANG_WARN_OBJC_LITERAL_CONVERSION = YES;
				CLANG_WARN_OBJC_ROOT_CLASS = YES_ERROR;
				CLANG_WARN_QUOTED_INCLUDE_IN_FRAMEWORK_HEADER = YES;
				CLANG_WARN_RANGE_LOOP_ANALYSIS = YES;
				CLANG_WARN_STRICT_PROTOTYPES = YES;
				CLANG_WARN_SUSPICIOUS_MOVE = YES;
				CLANG_WARN_UNGUARDED_AVAILABILITY = YES_AGGRESSIVE;
				CLANG_WARN_UNREACHABLE_CODE = YES;
				CLANG_WARN__DUPLICATE_METHOD_MATCH = YES;
				COPY_PHASE_STRIP = NO;
				DEBUG_INFORMATION_FORMAT = "dwarf-with-dsym";
				ENABLE_NS_ASSERTIONS = NO;
				ENABLE_STRICT_OBJC_MSGSEND = YES;
				ENABLE_USER_SCRIPT_SANDBOXING = YES;
				GCC_C_LANGUAGE_STANDARD = gnu17;
				GCC_NO_COMMON_BLOCKS = YES;
				GCC_WARN_64_TO_32_BIT_CONVERSION = YES;
				GCC_WARN_ABOUT_RETURN_TYPE = YES_ERROR;
				GCC_WARN_UNDECLARED_SELECTOR = YES;
				GCC_WARN_UNINITIALIZED_AUTOS = YES_AGGRESSIVE;
				GCC_WARN_UNUSED_FUNCTION = YES;
				GCC_WARN_UNUSED_VARIABLE = YES;
				LOCALIZATION_PREFERS_STRING_CATALOGS = YES;
				MTL_ENABLE_DEBUG_INFO = NO;
				MTL_FAST_MATH = YES;
				SWIFT_COMPILATION_MODE = wholemodule;
			};
			name = Release;
		};
		49A2FE3A2E0646B700CCBC9E /* Debug */ = {
			isa = XCBuildConfiguration;
			buildSettings = {
				ASSETCATALOG_COMPILER_APPICON_NAME = AppIcon;
				ASSETCATALOG_COMPILER_GLOBAL_ACCENT_COLOR_NAME = AccentColor;
				CODE_SIGN_ENTITLEMENTS = "Diet Assignment/Diet_Assignment.entitlements";
				CODE_SIGN_STYLE = Automatic;
				CURRENT_PROJECT_VERSION = 1;
				DEVELOPMENT_ASSET_PATHS = "\"Diet Assignment/Preview Content\"";
				ENABLE_PREVIEWS = YES;
				GENERATE_INFOPLIST_FILE = YES;
				INFOPLIST_FILE = "Diet-Assignment-Info.plist";
				"INFOPLIST_KEY_UIApplicationSceneManifest_Generation[sdk=iphoneos*]" = YES;
				"INFOPLIST_KEY_UIApplicationSceneManifest_Generation[sdk=iphonesimulator*]" = YES;
				"INFOPLIST_KEY_UIApplicationSupportsIndirectInputEvents[sdk=iphoneos*]" = YES;
				"INFOPLIST_KEY_UIApplicationSupportsIndirectInputEvents[sdk=iphonesimulator*]" = YES;
				"INFOPLIST_KEY_UILaunchScreen_Generation[sdk=iphoneos*]" = YES;
				"INFOPLIST_KEY_UILaunchScreen_Generation[sdk=iphonesimulator*]" = YES;
				"INFOPLIST_KEY_UIStatusBarStyle[sdk=iphoneos*]" = UIStatusBarStyleDefault;
				"INFOPLIST_KEY_UIStatusBarStyle[sdk=iphonesimulator*]" = UIStatusBarStyleDefault;
				INFOPLIST_KEY_UISupportedInterfaceOrientations_iPad = "UIInterfaceOrientationPortrait UIInterfaceOrientationPortraitUpsideDown UIInterfaceOrientationLandscapeLeft UIInterfaceOrientationLandscapeRight";
				INFOPLIST_KEY_UISupportedInterfaceOrientations_iPhone = "UIInterfaceOrientationPortrait UIInterfaceOrientationLandscapeLeft UIInterfaceOrientationLandscapeRight";
				INFOPLIST_KEY_UIUserInterfaceStyle = Light;
				IPHONEOS_DEPLOYMENT_TARGET = 18.2;
				LD_RUNPATH_SEARCH_PATHS = "@executable_path/Frameworks";
				"LD_RUNPATH_SEARCH_PATHS[sdk=macosx*]" = "@executable_path/../Frameworks";
				MACOSX_DEPLOYMENT_TARGET = 15.0;
				MARKETING_VERSION = 1.0;
				PRODUCT_BUNDLE_IDENTIFIER = "RPS.Diet-Assignment";
				PRODUCT_NAME = "$(TARGET_NAME)";
				SDKROOT = auto;
				SUPPORTED_PLATFORMS = "iphoneos iphonesimulator macosx xros xrsimulator";
				SWIFT_EMIT_LOC_STRINGS = YES;
				SWIFT_VERSION = 5.0;
				TARGETED_DEVICE_FAMILY = "1,2,7";
				XROS_DEPLOYMENT_TARGET = 2.2;
			};
			name = Debug;
		};
		49A2FE3B2E0646B700CCBC9E /* Release */ = {
			isa = XCBuildConfiguration;
			buildSettings = {
				ASSETCATALOG_COMPILER_APPICON_NAME = AppIcon;
				ASSETCATALOG_COMPILER_GLOBAL_ACCENT_COLOR_NAME = AccentColor;
				CODE_SIGN_ENTITLEMENTS = "Diet Assignment/Diet_Assignment.entitlements";
				CODE_SIGN_STYLE = Automatic;
				CURRENT_PROJECT_VERSION = 1;
				DEVELOPMENT_ASSET_PATHS = "\"Diet Assignment/Preview Content\"";
				ENABLE_PREVIEWS = YES;
				GENERATE_INFOPLIST_FILE = YES;
				INFOPLIST_FILE = "Diet-Assignment-Info.plist";
				"INFOPLIST_KEY_UIApplicationSceneManifest_Generation[sdk=iphoneos*]" = YES;
				"INFOPLIST_KEY_UIApplicationSceneManifest_Generation[sdk=iphonesimulator*]" = YES;
				"INFOPLIST_KEY_UIApplicationSupportsIndirectInputEvents[sdk=iphoneos*]" = YES;
				"INFOPLIST_KEY_UIApplicationSupportsIndirectInputEvents[sdk=iphonesimulator*]" = YES;
				"INFOPLIST_KEY_UILaunchScreen_Generation[sdk=iphoneos*]" = YES;
				"INFOPLIST_KEY_UILaunchScreen_Generation[sdk=iphonesimulator*]" = YES;
				"INFOPLIST_KEY_UIStatusBarStyle[sdk=iphoneos*]" = UIStatusBarStyleDefault;
				"INFOPLIST_KEY_UIStatusBarStyle[sdk=iphonesimulator*]" = UIStatusBarStyleDefault;
				INFOPLIST_KEY_UISupportedInterfaceOrientations_iPad = "UIInterfaceOrientationPortrait UIInterfaceOrientationPortraitUpsideDown UIInterfaceOrientationLandscapeLeft UIInterfaceOrientationLandscapeRight";
				INFOPLIST_KEY_UISupportedInterfaceOrientations_iPhone = "UIInterfaceOrientationPortrait UIInterfaceOrientationLandscapeLeft UIInterfaceOrientationLandscapeRight";
				INFOPLIST_KEY_UIUserInterfaceStyle = Light;
				IPHONEOS_DEPLOYMENT_TARGET = 18.2;
				LD_RUNPATH_SEARCH_PATHS = "@executable_path/Frameworks";
				"LD_RUNPATH_SEARCH_PATHS[sdk=macosx*]" = "@executable_path/../Frameworks";
				MACOSX_DEPLOYMENT_TARGET = 15.0;
				MARKETING_VERSION = 1.0;
				PRODUCT_BUNDLE_IDENTIFIER = "RPS.Diet-Assignment";
				PRODUCT_NAME = "$(TARGET_NAME)";
				SDKROOT = auto;
				SUPPORTED_PLATFORMS = "iphoneos iphonesimulator macosx xros xrsimulator";
				SWIFT_EMIT_LOC_STRINGS = YES;
				SWIFT_VERSION = 5.0;
				TARGETED_DEVICE_FAMILY = "1,2,7";
				XROS_DEPLOYMENT_TARGET = 2.2;
			};
			name = Release;
		};
		49A2FE3D2E0646B700CCBC9E /* Debug */ = {
			isa = XCBuildConfiguration;
			buildSettings = {
				BUNDLE_LOADER = "$(TEST_HOST)";
				CODE_SIGN_STYLE = Automatic;
				CURRENT_PROJECT_VERSION = 1;
				GENERATE_INFOPLIST_FILE = YES;
				IPHONEOS_DEPLOYMENT_TARGET = 18.2;
				MACOSX_DEPLOYMENT_TARGET = 15.0;
				MARKETING_VERSION = 1.0;
				PRODUCT_BUNDLE_IDENTIFIER = "RPS.Diet-AssignmentTests";
				PRODUCT_NAME = "$(TARGET_NAME)";
				SDKROOT = auto;
				SUPPORTED_PLATFORMS = "iphoneos iphonesimulator macosx xros xrsimulator";
				SWIFT_EMIT_LOC_STRINGS = NO;
				SWIFT_VERSION = 5.0;
				TARGETED_DEVICE_FAMILY = "1,2,7";
				TEST_HOST = "$(BUILT_PRODUCTS_DIR)/Diet Assignment.app/$(BUNDLE_EXECUTABLE_FOLDER_PATH)/Diet Assignment";
				XROS_DEPLOYMENT_TARGET = 2.2;
			};
			name = Debug;
		};
		49A2FE3E2E0646B700CCBC9E /* Release */ = {
			isa = XCBuildConfiguration;
			buildSettings = {
				BUNDLE_LOADER = "$(TEST_HOST)";
				CODE_SIGN_STYLE = Automatic;
				CURRENT_PROJECT_VERSION = 1;
				GENERATE_INFOPLIST_FILE = YES;
				IPHONEOS_DEPLOYMENT_TARGET = 18.2;
				MACOSX_DEPLOYMENT_TARGET = 15.0;
				MARKETING_VERSION = 1.0;
				PRODUCT_BUNDLE_IDENTIFIER = "RPS.Diet-AssignmentTests";
				PRODUCT_NAME = "$(TARGET_NAME)";
				SDKROOT = auto;
				SUPPORTED_PLATFORMS = "iphoneos iphonesimulator macosx xros xrsimulator";
				SWIFT_EMIT_LOC_STRINGS = NO;
				SWIFT_VERSION = 5.0;
				TARGETED_DEVICE_FAMILY = "1,2,7";
				TEST_HOST = "$(BUILT_PRODUCTS_DIR)/Diet Assignment.app/$(BUNDLE_EXECUTABLE_FOLDER_PATH)/Diet Assignment";
				XROS_DEPLOYMENT_TARGET = 2.2;
			};
			name = Release;
		};
		49A2FE402E0646B700CCBC9E /* Debug */ = {
			isa = XCBuildConfiguration;
			buildSettings = {
				CODE_SIGN_STYLE = Automatic;
				CURRENT_PROJECT_VERSION = 1;
				GENERATE_INFOPLIST_FILE = YES;
				IPHONEOS_DEPLOYMENT_TARGET = 18.2;
				MACOSX_DEPLOYMENT_TARGET = 15.0;
				MARKETING_VERSION = 1.0;
				PRODUCT_BUNDLE_IDENTIFIER = "RPS.Diet-AssignmentUITests";
				PRODUCT_NAME = "$(TARGET_NAME)";
				SDKROOT = auto;
				SUPPORTED_PLATFORMS = "iphoneos iphonesimulator macosx xros xrsimulator";
				SWIFT_EMIT_LOC_STRINGS = NO;
				SWIFT_VERSION = 5.0;
				TARGETED_DEVICE_FAMILY = "1,2,7";
				TEST_TARGET_NAME = "Diet Assignment";
				XROS_DEPLOYMENT_TARGET = 2.2;
			};
			name = Debug;
		};
		49A2FE412E0646B700CCBC9E /* Release */ = {
			isa = XCBuildConfiguration;
			buildSettings = {
				CODE_SIGN_STYLE = Automatic;
				CURRENT_PROJECT_VERSION = 1;
				GENERATE_INFOPLIST_FILE = YES;
				IPHONEOS_DEPLOYMENT_TARGET = 18.2;
				MACOSX_DEPLOYMENT_TARGET = 15.0;
				MARKETING_VERSION = 1.0;
				PRODUCT_BUNDLE_IDENTIFIER = "RPS.Diet-AssignmentUITests";
				PRODUCT_NAME = "$(TARGET_NAME)";
				SDKROOT = auto;
				SUPPORTED_PLATFORMS = "iphoneos iphonesimulator macosx xros xrsimulator";
				SWIFT_EMIT_LOC_STRINGS = NO;
				SWIFT_VERSION = 5.0;
				TARGETED_DEVICE_FAMILY = "1,2,7";
				TEST_TARGET_NAME = "Diet Assignment";
				XROS_DEPLOYMENT_TARGET = 2.2;
			};
			name = Release;
		};
/* End XCBuildConfiguration section */

/* Begin XCConfigurationList section */
		49A2FE0F2E0646B600CCBC9E /* Build configuration list for PBXProject "Diet Assignment" */ = {
			isa = XCConfigurationList;
			buildConfigurations = (
				49A2FE372E0646B700CCBC9E /* Debug */,
				49A2FE382E0646B700CCBC9E /* Release */,
			);
			defaultConfigurationIsVisible = 0;
			defaultConfigurationName = Release;
		};
		49A2FE392E0646B700CCBC9E /* Build configuration list for PBXNativeTarget "Diet Assignment" */ = {
			isa = XCConfigurationList;
			buildConfigurations = (
				49A2FE3A2E0646B700CCBC9E /* Debug */,
				49A2FE3B2E0646B700CCBC9E /* Release */,
			);
			defaultConfigurationIsVisible = 0;
			defaultConfigurationName = Release;
		};
		49A2FE3C2E0646B700CCBC9E /* Build configuration list for PBXNativeTarget "Diet AssignmentTests" */ = {
			isa = XCConfigurationList;
			buildConfigurations = (
				49A2FE3D2E0646B700CCBC9E /* Debug */,
				49A2FE3E2E0646B700CCBC9E /* Release */,
			);
			defaultConfigurationIsVisible = 0;
			defaultConfigurationName = Release;
		};
		49A2FE3F2E0646B700CCBC9E /* Build configuration list for PBXNativeTarget "Diet AssignmentUITests" */ = {
			isa = XCConfigurationList;
			buildConfigurations = (
				49A2FE402E0646B700CCBC9E /* Debug */,
				49A2FE412E0646B700CCBC9E /* Release */,
			);
			defaultConfigurationIsVisible = 0;
			defaultConfigurationName = Release;
		};
/* End XCConfigurationList section */

/* Begin XCRemoteSwiftPackageReference section */
		49A2017E2E0697DC00CCBC9E /* XCRemoteSwiftPackageReference "Kingfisher" */ = {
			isa = XCRemoteSwiftPackageReference;
			repositoryURL = "https://github.com/onevcat/Kingfisher";
			requirement = {
				kind = upToNextMajorVersion;
				minimumVersion = 8.3.2;
			};
		};
		49A201922E070A2800CCBC9E /* XCRemoteSwiftPackageReference "lottie-spm" */ = {
			isa = XCRemoteSwiftPackageReference;
			repositoryURL = "https://github.com/airbnb/lottie-spm.git";
			requirement = {
				kind = upToNextMajorVersion;
				minimumVersion = 4.5.2;
			};
		};
/* End XCRemoteSwiftPackageReference section */

/* Begin XCSwiftPackageProductDependency section */
		49A2017F2E0697DC00CCBC9E /* Kingfisher */ = {
			isa = XCSwiftPackageProductDependency;
			package = 49A2017E2E0697DC00CCBC9E /* XCRemoteSwiftPackageReference "Kingfisher" */;
			productName = Kingfisher;
		};
		49A201932E070A2800CCBC9E /* Lottie */ = {
			isa = XCSwiftPackageProductDependency;
			package = 49A201922E070A2800CCBC9E /* XCRemoteSwiftPackageReference "lottie-spm" */;
			productName = Lottie;
		};
/* End XCSwiftPackageProductDependency section */
	};
	rootObject = 49A2FE0C2E0646B600CCBC9E /* Project object */;
}
